
Microsoft Visual Studio Solution File, Format Version 12.00
# Visual Studio 14
VisualStudioVersion = 14.0.23107.0
MinimumVisualStudioVersion = 10.0.40219.1
Project("{FAE04EC0-301F-11D3-BF4B-00C04F79EFBC}") = "FileSync", "FileSync\FileSync.csproj", "{EECC3F69-526B-47A7-8927-381959D56645}"
EndProject
Global
	GlobalSection(SolutionConfigurationPlatforms) = preSolution
		Debug|Any CPU = Debug|Any CPU
		Release|Any CPU = Release|Any CPU
	EndGlobalSection
	GlobalSection(ProjectConfigurationPlatforms) = postSolution
		{EECC3F69-526B-47A7-8927-381959D56645}.Debug|Any CPU.ActiveCfg = Debug|Any CPU
		{EECC3F69-526B-47A7-8927-381959D56645}.Debug|Any CPU.Build.0 = Debug|Any CPU
		{EECC3F69-526B-47A7-8927-381959D56645}.Release|Any CPU.ActiveCfg = Release|Any CPU
		{EECC3F69-526B-47A7-8927-381959D56645}.Release|Any CPU.Build.0 = Release|Any CPU
	EndGlobalSection
	GlobalSection(SolutionProperties) = preSolution
		HideSolutionNode = FALSE
	EndGlobalSection
EndGlobal
